// !$*UTF8*$!
{
	archiveVersion = 1;
	classes = {
	};
	objectVersion = 50;
	objects = {

/* Begin PBXBuildFile section */
		D6BCCDBF25BED6E000807D38 /* RestaurantAppLApp.swift in Sources */ = {isa = PBXBuildFile; fileRef = D6BCCDBE25BED6E000807D38 /* RestaurantAppLApp.swift */; };
		D6BCCDC125BED6E000807D38 /* HomeScreen.swift in Sources */ = {isa = PBXBuildFile; fileRef = D6BCCDC025BED6E000807D38 /* HomeScreen.swift */; };
		D6BCCDC325BED6E100807D38 /* Assets.xcassets in Resources */ = {isa = PBXBuildFile; fileRef = D6BCCDC225BED6E100807D38 /* Assets.xcassets */; };
		D6BCCDC625BED6E100807D38 /* Preview Assets.xcassets in Resources */ = {isa = PBXBuildFile; fileRef = D6BCCDC525BED6E100807D38 /* Preview Assets.xcassets */; };
		D6BCCDD025BED74900807D38 /* NewsView.swift in Sources */ = {isa = PBXBuildFile; fileRef = D6BCCDCF25BED74900807D38 /* NewsView.swift */; };
		D6BCCDD325BED75100807D38 /* WineBarView.swift in Sources */ = {isa = PBXBuildFile; fileRef = D6BCCDD225BED75100807D38 /* WineBarView.swift */; };
		D6BCCDD625BED76300807D38 /* NightView.swift in Sources */ = {isa = PBXBuildFile; fileRef = D6BCCDD525BED76300807D38 /* NightView.swift */; };
		D6BCCDD925BED76C00807D38 /* RestaurantView.swift in Sources */ = {isa = PBXBuildFile; fileRef = D6BCCDD825BED76C00807D38 /* RestaurantView.swift */; };
/* End PBXBuildFile section */

/* Begin PBXFileReference section */
		D6BCCDBB25BED6E000807D38 /* RestaurantAppL.app */ = {isa = PBXFileReference; explicitFileType = wrapper.application; includeInIndex = 0; path = RestaurantAppL.app; sourceTree = BUILT_PRODUCTS_DIR; };
		D6BCCDBE25BED6E000807D38 /* RestaurantAppLApp.swift */ = {isa = PBXFileReference; lastKnownFileType = sourcecode.swift; path = RestaurantAppLApp.swift; sourceTree = "<group>"; };
		D6BCCDC025BED6E000807D38 /* HomeScreen.swift */ = {isa = PBXFileReference; lastKnownFileType = sourcecode.swift; path = HomeScreen.swift; sourceTree = "<group>"; };
		D6BCCDC225BED6E100807D38 /* Assets.xcassets */ = {isa = PBXFileReference; lastKnownFileType = folder.assetcatalog; path = Assets.xcassets; sourceTree = "<group>"; };
		D6BCCDC525BED6E100807D38 /* Preview Assets.xcassets */ = {isa = PBXFileReference; lastKnownFileType = folder.assetcatalog; path = "Preview Assets.xcassets"; sourceTree = "<group>"; };
		D6BCCDC725BED6E100807D38 /* Info.plist */ = {isa = PBXFileReference; lastKnownFileType = text.plist.xml; path = Info.plist; sourceTree = "<group>"; };
		D6BCCDCF25BED74900807D38 /* NewsView.swift */ = {isa = PBXFileReference; lastKnownFileType = sourcecode.swift; path = NewsView.swift; sourceTree = "<group>"; };
		D6BCCDD225BED75100807D38 /* WineBarView.swift */ = {isa = PBXFileReference; lastKnownFileType = sourcecode.swift; path = WineBarView.swift; sourceTree = "<group>"; };
		D6BCCDD525BED76300807D38 /* NightView.swift */ = {isa = PBXFileReference; lastKnownFileType = sourcecode.swift; path = NightView.swift; sourceTree = "<group>"; };
		D6BCCDD825BED76C00807D38 /* RestaurantView.swift */ = {isa = PBXFileReference; lastKnownFileType = sourcecode.swift; path = RestaurantView.swift; sourceTree = "<group>"; };
/* End PBXFileReference section */

/* Begin PBXFrameworksBuildPhase section */
		D6BCCDB825BED6E000807D38 /* Frameworks */ = {
			isa = PBXFrameworksBuildPhase;
			buildActionMask = 2147483647;
			files = (
			);
			runOnlyForDeploymentPostprocessing = 0;
		};
/* End PBXFrameworksBuildPhase section */

/* Begin PBXGroup section */
		D6BCCDB225BED6E000807D38 = {
			isa = PBXGroup;
			children = (
				D6BCCDBD25BED6E000807D38 /* RestaurantAppL */,
				D6BCCDBC25BED6E000807D38 /* Products */,
			);
			sourceTree = "<group>";
		};
		D6BCCDBC25BED6E000807D38 /* Products */ = {
			isa = PBXGroup;
			children = (
				D6BCCDBB25BED6E000807D38 /* RestaurantAppL.app */,
			);
			name = Products;
			sourceTree = "<group>";
		};
		D6BCCDBD25BED6E000807D38 /* RestaurantAppL */ = {
			isa = PBXGroup;
			children = (
				D6BCCDBE25BED6E000807D38 /* RestaurantAppLApp.swift */,
				D6BCCDC025BED6E000807D38 /* HomeScreen.swift */,
				D6BCCDCF25BED74900807D38 /* NewsView.swift */,
				D6BCCDD225BED75100807D38 /* WineBarView.swift */,
				D6BCCDD525BED76300807D38 /* NightView.swift */,
				D6BCCDD825BED76C00807D38 /* RestaurantView.swift */,
				D6BCCDC225BED6E100807D38 /* Assets.xcassets */,
				D6BCCDC725BED6E100807D38 /* Info.plist */,
				D6BCCDC425BED6E100807D38 /* Preview Content */,
			);
			path = RestaurantAppL;
			sourceTree = "<group>";
		};
		D6BCCDC425BED6E100807D38 /* Preview Content */ = {
			isa = PBXGroup;
			children = (
				D6BCCDC525BED6E100807D38 /* Preview Assets.xcassets */,
			);
			path = "Preview Content";
			sourceTree = "<group>";
		};
/* End PBXGroup section */

/* Begin PBXNativeTarget section */
		D6BCCDBA25BED6E000807D38 /* RestaurantAppL */ = {
			isa = PBXNativeTarget;
			buildConfigurationList = D6BCCDCA25BED6E100807D38 /* Build configuration list for PBXNativeTarget "RestaurantAppL" */;
			buildPhases = (
				D6BCCDB725BED6E000807D38 /* Sources */,
				D6BCCDB825BED6E000807D38 /* Frameworks */,
				D6BCCDB925BED6E000807D38 /* Resources */,
			);
			buildRules = (
			);
			dependencies = (
			);
			name = RestaurantAppL;
			productName = RestaurantAppL;
			productReference = D6BCCDBB25BED6E000807D38 /* RestaurantAppL.app */;
			productType = "com.apple.product-type.application";
		};
/* End PBXNativeTarget section */

/* Begin PBXProject section */
		D6BCCDB325BED6E000807D38 /* Project object */ = {
			isa = PBXProject;
			attributes = {
				LastSwiftUpdateCheck = 1230;
				LastUpgradeCheck = 1230;
				TargetAttributes = {
					D6BCCDBA25BED6E000807D38 = {
						CreatedOnToolsVersion = 12.3;
					};
				};
			};
			buildConfigurationList = D6BCCDB625BED6E000807D38 /* Build configuration list for PBXProject "RestaurantAppL" */;
			compatibilityVersion = "Xcode 9.3";
			developmentRegion = en;
			hasScannedForEncodings = 0;
			knownRegions = (
				en,
				Base,
			);
			mainGroup = D6BCCDB225BED6E000807D38;
			productRefGroup = D6BCCDBC25BED6E000807D38 /* Products */;
			projectDirPath = "";
			projectRoot = "";
			targets = (
				D6BCCDBA25BED6E000807D38 /* RestaurantAppL */,
			);
		};
/* End PBXProject section */

/* Begin PBXResourcesBuildPhase section */
		D6BCCDB925BED6E000807D38 /* Resources */ = {
			isa = PBXResourcesBuildPhase;
			buildActionMask = 2147483647;
			files = (
				D6BCCDC625BED6E100807D38 /* Preview Assets.xcassets in Resources */,
				D6BCCDC325BED6E100807D38 /* Assets.xcassets in Resources */,
			);
			runOnlyForDeploymentPostprocessing = 0;
		};
/* End PBXResourcesBuildPhase section */

/* Begin PBXSourcesBuildPhase section */
		D6BCCDB725BED6E000807D38 /* Sources */ = {
			isa = PBXSourcesBuildPhase;
			buildActionMask = 2147483647;
			files = (
				D6BCCDD025BED74900807D38 /* NewsView.swift in Sources */,
				D6BCCDD625BED76300807D38 /* NightView.swift in Sources */,
				D6BCCDC125BED6E000807D38 /* HomeScreen.swift in Sources */,
				D6BCCDBF25BED6E000807D38 /* RestaurantAppLApp.swift in Sources */,
				D6BCCDD325BED75100807D38 /* WineBarView.swift in Sources */,
				D6BCCDD925BED76C00807D38 /* RestaurantView.swift in Sources */,
			);
			runOnlyForDeploymentPostprocessing = 0;
		};
/* End PBXSourcesBuildPhase section */

/* Begin XCBuildConfiguration section */
		D6BCCDC825BED6E100807D38 /* Debug */ = {
			isa = XCBuildConfiguration;
			buildSettings = {
				ALWAYS_SEARCH_USER_PATHS = NO;
				CLANG_ANALYZER_NONNULL = YES;
				CLANG_ANALYZER_NUMBER_OBJECT_CONVERSION = YES_AGGRESSIVE;
				CLANG_CXX_LANGUAGE_STANDARD = "gnu++14";
				CLANG_CXX_LIBRARY = "libc++";
				CLANG_ENABLE_MODULES = YES;
				CLANG_ENABLE_OBJC_ARC = YES;
				CLANG_ENABLE_OBJC_WEAK = YES;
				CLANG_WARN_BLOCK_CAPTURE_AUTORELEASING = YES;
				CLANG_WARN_BOOL_CONVERSION = YES;
				CLANG_WARN_COMMA = YES;
				CLANG_WARN_CONSTANT_CONVERSION = YES;
				CLANG_WARN_DEPRECATED_OBJC_IMPLEMENTATIONS = YES;
				CLANG_WARN_DIRECT_OBJC_ISA_USAGE = YES_ERROR;
				CLANG_WARN_DOCUMENTATION_COMMENTS = YES;
				CLANG_WARN_EMPTY_BODY = YES;
				CLANG_WARN_ENUM_CONVERSION = YES;
				CLANG_WARN_INFINITE_RECURSION = YES;
				CLANG_WARN_INT_CONVERSION = YES;
				CLANG_WARN_NON_LITERAL_NULL_CONVERSION = YES;
				CLANG_WARN_OBJC_IMPLICIT_RETAIN_SELF = YES;
				CLANG_WARN_OBJC_LITERAL_CONVERSION = YES;
				CLANG_WARN_OBJC_ROOT_CLASS = YES_ERROR;
				CLANG_WARN_QUOTED_INCLUDE_IN_FRAMEWORK_HEADER = YES;
				CLANG_WARN_RANGE_LOOP_ANALYSIS = YES;
				CLANG_WARN_STRICT_PROTOTYPES = YES;
				CLANG_WARN_SUSPICIOUS_MOVE = YES;
				CLANG_WARN_UNGUARDED_AVAILABILITY = YES_AGGRESSIVE;
				CLANG_WARN_UNREACHABLE_CODE = YES;
				CLANG_WARN__DUPLICATE_METHOD_MATCH = YES;
				COPY_PHASE_STRIP = NO;
				DEBUG_INFORMATION_FORMAT = dwarf;
				ENABLE_STRICT_OBJC_MSGSEND = YES;
				ENABLE_TESTABILITY = YES;
				GCC_C_LANGUAGE_STANDARD = gnu11;
				GCC_DYNAMIC_NO_PIC = NO;
				GCC_NO_COMMON_BLOCKS = YES;
				GCC_OPTIMIZATION_LEVEL = 0;
				GCC_PREPROCESSOR_DEFINITIONS = (
					"DEBUG=1",
					"$(inherited)",
				);
				GCC_WARN_64_TO_32_BIT_CONVERSION = YES;
				GCC_WARN_ABOUT_RETURN_TYPE = YES_ERROR;
				GCC_WARN_UNDECLARED_SELECTOR = YES;
				GCC_WARN_UNINITIALIZED_AUTOS = YES_AGGRESSIVE;
				GCC_WARN_UNUSED_FUNCTION = YES;
				GCC_WARN_UNUSED_VARIABLE = YES;
				IPHONEOS_DEPLOYMENT_TARGET = 14.3;
				MTL_ENABLE_DEBUG_INFO = INCLUDE_SOURCE;
				MTL_FAST_MATH = YES;
				ONLY_ACTIVE_ARCH = YES;
				SDKROOT = iphoneos;
				SWIFT_ACTIVE_COMPILATION_CONDITIONS = DEBUG;
				SWIFT_OPTIMIZATION_LEVEL = "-Onone";
			};
			name = Debug;
		};
		D6BCCDC925BED6E100807D38 /* Release */ = {
			isa = XCBuildConfiguration;
			buildSettings = {
				ALWAYS_SEARCH_USER_PATHS = NO;
				CLANG_ANALYZER_NONNULL = YES;
				CLANG_ANALYZER_NUMBER_OBJECT_CONVERSION = YES_AGGRESSIVE;
				CLANG_CXX_LANGUAGE_STANDARD = "gnu++14";
				CLANG_CXX_LIBRARY = "libc++";
				CLANG_ENABLE_MODULES = YES;
				CLANG_ENABLE_OBJC_ARC = YES;
				CLANG_ENABLE_OBJC_WEAK = YES;
				CLANG_WARN_BLOCK_CAPTURE_AUTORELEASING = YES;
				CLANG_WARN_BOOL_CONVERSION = YES;
				CLANG_WARN_COMMA = YES;
				CLANG_WARN_CONSTANT_CONVERSION = YES;
				CLANG_WARN_DEPRECATED_OBJC_IMPLEMENTATIONS = YES;
				CLANG_WARN_DIRECT_OBJC_ISA_USAGE = YES_ERROR;
				CLANG_WARN_DOCUMENTATION_COMMENTS = YES;
				CLANG_WARN_EMPTY_BODY = YES;
				CLANG_WARN_ENUM_CONVERSION = YES;
				CLANG_WARN_INFINITE_RECURSION = YES;
				CLANG_WARN_INT_CONVERSION = YES;
				CLANG_WARN_NON_LITERAL_NULL_CONVERSION = YES;
				CLANG_WARN_OBJC_IMPLICIT_RETAIN_SELF = YES;
				CLANG_WARN_OBJC_LITERAL_CONVERSION = YES;
				CLANG_WARN_OBJC_ROOT_CLASS = YES_ERROR;
				CLANG_WARN_QUOTED_INCLUDE_IN_FRAMEWORK_HEADER = YES;
				CLANG_WARN_RANGE_LOOP_ANALYSIS = YES;
				CLANG_WARN_STRICT_PROTOTYPES = YES;
				CLANG_WARN_SUSPICIOUS_MOVE = YES;
				CLANG_WARN_UNGUARDED_AVAILABILITY = YES_AGGRESSIVE;
				CLANG_WARN_UNREACHABLE_CODE = YES;
				CLANG_WARN__DUPLICATE_METHOD_MATCH = YES;
				COPY_PHASE_STRIP = NO;
				DEBUG_INFORMATION_FORMAT = "dwarf-with-dsym";
				ENABLE_NS_ASSERTIONS = NO;
				ENABLE_STRICT_OBJC_MSGSEND = YES;
				GCC_C_LANGUAGE_STANDARD = gnu11;
				GCC_NO_COMMON_BLOCKS = YES;
				GCC_WARN_64_TO_32_BIT_CONVERSION = YES;
				GCC_WARN_ABOUT_RETURN_TYPE = YES_ERROR;
				GCC_WARN_UNDECLARED_SELECTOR = YES;
				GCC_WARN_UNINITIALIZED_AUTOS = YES_AGGRESSIVE;
				GCC_WARN_UNUSED_FUNCTION = YES;
				GCC_WARN_UNUSED_VARIABLE = YES;
				IPHONEOS_DEPLOYMENT_TARGET = 14.3;
				MTL_ENABLE_DEBUG_INFO = NO;
				MTL_FAST_MATH = YES;
				SDKROOT = iphoneos;
				SWIFT_COMPILATION_MODE = wholemodule;
				SWIFT_OPTIMIZATION_LEVEL = "-O";
				VALIDATE_PRODUCT = YES;
			};
			name = Release;
		};
		D6BCCDCB25BED6E100807D38 /* Debug */ = {
			isa = XCBuildConfiguration;
			buildSettings = {
				ASSETCATALOG_COMPILER_APPICON_NAME = AppIcon;
				ASSETCATALOG_COMPILER_GLOBAL_ACCENT_COLOR_NAME = AccentColor;
				CODE_SIGN_STYLE = Automatic;
				DEVELOPMENT_ASSET_PATHS = "\"RestaurantAppL/Preview Content\"";
				DEVELOPMENT_TEAM = U68AWG975G;
				ENABLE_PREVIEWS = YES;
				INFOPLIST_FILE = RestaurantAppL/Info.plist;
				IPHONEOS_DEPLOYMENT_TARGET = 14.0;
				LD_RUNPATH_SEARCH_PATHS = (
					"$(inherited)",
					"@executable_path/Frameworks",
				);
				PRODUCT_BUNDLE_IDENTIFIER = cskorobogatow.RestaurantAppL;
				PRODUCT_NAME = "$(TARGET_NAME)";
				SWIFT_VERSION = 5.0;
				TARGETED_DEVICE_FAMILY = "1,2";
			};
			name = Debug;
		};
		D6BCCDCC25BED6E100807D38 /* Release */ = {
			isa = XCBuildConfiguration;
			buildSettings = {
				ASSETCATALOG_COMPILER_APPICON_NAME = AppIcon;
				ASSETCATALOG_COMPILER_GLOBAL_ACCENT_COLOR_NAME = AccentColor;
				CODE_SIGN_STYLE = Automatic;
				DEVELOPMENT_ASSET_PATHS = "\"RestaurantAppL/Preview Content\"";
				DEVELOPMENT_TEAM = U68AWG975G;
				ENABLE_PREVIEWS = YES;
				INFOPLIST_FILE = RestaurantAppL/Info.plist;
				IPHONEOS_DEPLOYMENT_TARGET = 14.0;
				LD_RUNPATH_SEARCH_PATHS = (
					"$(inherited)",
					"@executable_path/Frameworks",
				);
				PRODUCT_BUNDLE_IDENTIFIER = cskorobogatow.RestaurantAppL;
				PRODUCT_NAME = "$(TARGET_NAME)";
				SWIFT_VERSION = 5.0;
				TARGETED_DEVICE_FAMILY = "1,2";
			};
			name = Release;
		};
/* End XCBuildConfiguration section */

/* Begin XCConfigurationList section */
		D6BCCDB625BED6E000807D38 /* Build configuration list for PBXProject "RestaurantAppL" */ = {
			isa = XCConfigurationList;
			buildConfigurations = (
				D6BCCDC825BED6E100807D38 /* Debug */,
				D6BCCDC925BED6E100807D38 /* Release */,
			);
			defaultConfigurationIsVisible = 0;
			defaultConfigurationName = Release;
		};
		D6BCCDCA25BED6E100807D38 /* Build configuration list for PBXNativeTarget "RestaurantAppL" */ = {
			isa = XCConfigurationList;
			buildConfigurations = (
				D6BCCDCB25BED6E100807D38 /* Debug */,
				D6BCCDCC25BED6E100807D38 /* Release */,
			);
			defaultConfigurationIsVisible = 0;
			defaultConfigurationName = Release;
		};
/* End XCConfigurationList section */
	};
	rootObject = D6BCCDB325BED6E000807D38 /* Project object */;
}
